Microsoft Visual Studio Solution File, Format Version 12.00
# Visual Studio Version 17
VisualStudioVersion = 17.5.2.0
MinimumVisualStudioVersion = 10.0.40219.1
Project("{FAE04EC0-301F-11D3-BF4B-00C04F79EFBC}") = "BlobTrigger", "BlobTrigger.csproj", "{ADB1F2FD-D431-AC68-FA48-21CD01232AAD}"
EndProject
Global
	GlobalSection(SolutionConfigurationPlatforms) = preSolution
		Debug|Any CPU = Debug|Any CPU
		Release|Any CPU = Release|Any CPU
	EndGlobalSection
	GlobalSection(ProjectConfigurationPlatforms) = postSolution
		{ADB1F2FD-D431-AC68-FA48-21CD01232AAD}.Debug|Any CPU.ActiveCfg = Debug|Any CPU
		{ADB1F2FD-D431-AC68-FA48-21CD01232AAD}.Debug|Any CPU.Build.0 = Debug|Any CPU
		{ADB1F2FD-D431-AC68-FA48-21CD01232AAD}.Release|Any CPU.ActiveCfg = Release|Any CPU
		{ADB1F2FD-D431-AC68-FA48-21CD01232AAD}.Release|Any CPU.Build.0 = Release|Any CPU
	EndGlobalSection
	GlobalSection(SolutionProperties) = preSolution
		HideSolutionNode = FALSE
	EndGlobalSection
	GlobalSection(ExtensibilityGlobals) = postSolution
		SolutionGuid = {C755DE5B-BBD2-4427-B5AF-09E11D0F3891}
	EndGlobalSection
EndGlobal
